
Microsoft Visual Studio Solution File, Format Version 12.00
# Visual Studio Version 16
VisualStudioVersion = 16.0.29806.167
MinimumVisualStudioVersion = 10.0.40219.1
Project("{FAE04EC0-301F-11D3-BF4B-00C04F79EFBC}") = "WeeklyReportCSharp", "WeeklyReportCSharp\WeeklyReportCSharp.csproj", "{7EBB6A4F-2A55-4465-B48B-D235BA43F493}"
EndProject
Global
	GlobalSection(SolutionConfigurationPlatforms) = preSolution
		Debug|Any CPU = Debug|Any CPU
		Release|Any CPU = Release|Any CPU
	EndGlobalSection
	GlobalSection(ProjectConfigurationPlatforms) = postSolution
		{7EBB6A4F-2A55-4465-B48B-D235BA43F493}.Debug|Any CPU.ActiveCfg = Debug|Any CPU
		{7EBB6A4F-2A55-4465-B48B-D235BA43F493}.Debug|Any CPU.Build.0 = Debug|Any CPU
		{7EBB6A4F-2A55-4465-B48B-D235BA43F493}.Release|Any CPU.ActiveCfg = Release|Any CPU
		{7EBB6A4F-2A55-4465-B48B-D235BA43F493}.Release|Any CPU.Build.0 = Release|Any CPU
	EndGlobalSection
	GlobalSection(SolutionProperties) = preSolution
		HideSolutionNode = FALSE
	EndGlobalSection
	GlobalSection(ExtensibilityGlobals) = postSolution
		SolutionGuid = {BAAB04D9-365A-409F-A847-65A6B1574614}
	EndGlobalSection
EndGlobal
